
Microsoft Visual Studio Solution File, Format Version 12.00
# Visual Studio Version 16
VisualStudioVersion = 16.0.31424.327
MinimumVisualStudioVersion = 10.0.40219.1
Project("{FAE04EC0-301F-11D3-BF4B-00C04F79EFBC}") = "FinStat.Mobile.UWP", "FinStat.Mobile\FinStat.Mobile.UWP\FinStat.Mobile.UWP.csproj", "{46C410CB-33CB-4AA5-9F61-9DA5D5CF8635}"
EndProject
Project("{FAE04EC0-301F-11D3-BF4B-00C04F79EFBC}") = "FinStat.Mobile.Android", "FinStat.Mobile\FinStat.Mobile.Android\FinStat.Mobile.Android.csproj", "{BB8A9887-3176-49AD-A014-8FD1D662A1A6}"
EndProject
Project("{FAE04EC0-301F-11D3-BF4B-00C04F79EFBC}") = "FinStat.Mobile.iOS", "FinStat.Mobile\FinStat.Mobile.iOS\FinStat.Mobile.iOS.csproj", "{3582F260-F13D-4EE9-BCB3-EC4D4318CC73}"
EndProject
Project("{9A19103F-16F7-4668-BE54-9A1E7A4F7556}") = "FinStat.Mobile", "FinStat.Mobile\FinStat.Mobile\FinStat.Mobile.csproj", "{A37FEEBD-9B43-44AD-946F-DC0B74390803}"
EndProject
Project("{2150E333-8FDC-42A3-9474-1A3956D46DE8}") = "Apps", "Apps", "{F10E2DE0-3126-45EF-B6E4-A83F7FDA80FD}"
EndProject
Project("{2150E333-8FDC-42A3-9474-1A3956D46DE8}") = "Components", "Components", "{B301CE38-6587-47C9-878D-BEE452DE5D5F}"
EndProject
Project("{2150E333-8FDC-42A3-9474-1A3956D46DE8}") = "_global", "_global", "{C7472D77-C317-471C-A1F5-8A4955CAE587}"
	ProjectSection(SolutionItems) = preProject
		Global\AssemblyInfo.cs = Global\AssemblyInfo.cs
		Global\FinStat.CodeAnalysis.ruleset = Global\FinStat.CodeAnalysis.ruleset
	EndProjectSection
EndProject
Global
	GlobalSection(SolutionConfigurationPlatforms) = preSolution
		Debug|Any CPU = Debug|Any CPU
		Debug|ARM = Debug|ARM
		Debug|iPhone = Debug|iPhone
		Debug|iPhoneSimulator = Debug|iPhoneSimulator
		Debug|x64 = Debug|x64
		Debug|x86 = Debug|x86
		Release|Any CPU = Release|Any CPU
		Release|ARM = Release|ARM
		Release|iPhone = Release|iPhone
		Release|iPhoneSimulator = Release|iPhoneSimulator
		Release|x64 = Release|x64
		Release|x86 = Release|x86
	EndGlobalSection
	GlobalSection(ProjectConfigurationPlatforms) = postSolution
		{46C410CB-33CB-4AA5-9F61-9DA5D5CF8635}.Debug|Any CPU.ActiveCfg = Debug|x86
		{46C410CB-33CB-4AA5-9F61-9DA5D5CF8635}.Debug|Any CPU.Build.0 = Debug|x86
		{46C410CB-33CB-4AA5-9F61-9DA5D5CF8635}.Debug|Any CPU.Deploy.0 = Debug|x86
		{46C410CB-33CB-4AA5-9F61-9DA5D5CF8635}.Debug|ARM.ActiveCfg = Debug|ARM
		{46C410CB-33CB-4AA5-9F61-9DA5D5CF8635}.Debug|ARM.Build.0 = Debug|ARM
		{46C410CB-33CB-4AA5-9F61-9DA5D5CF8635}.Debug|ARM.Deploy.0 = Debug|ARM
		{46C410CB-33CB-4AA5-9F61-9DA5D5CF8635}.Debug|iPhone.ActiveCfg = Debug|x86
		{46C410CB-33CB-4AA5-9F61-9DA5D5CF8635}.Debug|iPhone.Build.0 = Debug|x86
		{46C410CB-33CB-4AA5-9F61-9DA5D5CF8635}.Debug|iPhone.Deploy.0 = Debug|x86
		{46C410CB-33CB-4AA5-9F61-9DA5D5CF8635}.Debug|iPhoneSimulator.ActiveCfg = Debug|x86
		{46C410CB-33CB-4AA5-9F61-9DA5D5CF8635}.Debug|iPhoneSimulator.Build.0 = Debug|x86
		{46C410CB-33CB-4AA5-9F61-9DA5D5CF8635}.Debug|iPhoneSimulator.Deploy.0 = Debug|x86
		{46C410CB-33CB-4AA5-9F61-9DA5D5CF8635}.Debug|x64.ActiveCfg = Debug|x64
		{46C410CB-33CB-4AA5-9F61-9DA5D5CF8635}.Debug|x64.Build.0 = Debug|x64
		{46C410CB-33CB-4AA5-9F61-9DA5D5CF8635}.Debug|x64.Deploy.0 = Debug|x64
		{46C410CB-33CB-4AA5-9F61-9DA5D5CF8635}.Debug|x86.ActiveCfg = Debug|x86
		{46C410CB-33CB-4AA5-9F61-9DA5D5CF8635}.Debug|x86.Build.0 = Debug|x86
		{46C410CB-33CB-4AA5-9F61-9DA5D5CF8635}.Debug|x86.Deploy.0 = Debug|x86
		{46C410CB-33CB-4AA5-9F61-9DA5D5CF8635}.Release|Any CPU.ActiveCfg = Release|x86
		{46C410CB-33CB-4AA5-9F61-9DA5D5CF8635}.Release|Any CPU.Build.0 = Release|x86
		{46C410CB-33CB-4AA5-9F61-9DA5D5CF8635}.Release|Any CPU.Deploy.0 = Release|x86
		{46C410CB-33CB-4AA5-9F61-9DA5D5CF8635}.Release|ARM.ActiveCfg = Release|ARM
		{46C410CB-33CB-4AA5-9F61-9DA5D5CF8635}.Release|ARM.Build.0 = Release|ARM
		{46C410CB-33CB-4AA5-9F61-9DA5D5CF8635}.Release|ARM.Deploy.0 = Release|ARM
		{46C410CB-33CB-4AA5-9F61-9DA5D5CF8635}.Release|iPhone.ActiveCfg = Release|x86
		{46C410CB-33CB-4AA5-9F61-9DA5D5CF8635}.Release|iPhone.Build.0 = Release|x86
		{46C410CB-33CB-4AA5-9F61-9DA5D5CF8635}.Release|iPhone.Deploy.0 = Release|x86
		{46C410CB-33CB-4AA5-9F61-9DA5D5CF8635}.Release|iPhoneSimulator.ActiveCfg = Release|x86
		{46C410CB-33CB-4AA5-9F61-9DA5D5CF8635}.Release|iPhoneSimulator.Build.0 = Release|x86
		{46C410CB-33CB-4AA5-9F61-9DA5D5CF8635}.Release|iPhoneSimulator.Deploy.0 = Release|x86
		{46C410CB-33CB-4AA5-9F61-9DA5D5CF8635}.Release|x64.ActiveCfg = Release|x64
		{46C410CB-33CB-4AA5-9F61-9DA5D5CF8635}.Release|x64.Build.0 = Release|x64
		{46C410CB-33CB-4AA5-9F61-9DA5D5CF8635}.Release|x64.Deploy.0 = Release|x64
		{46C410CB-33CB-4AA5-9F61-9DA5D5CF8635}.Release|x86.ActiveCfg = Release|x86
		{46C410CB-33CB-4AA5-9F61-9DA5D5CF8635}.Release|x86.Build.0 = Release|x86
		{46C410CB-33CB-4AA5-9F61-9DA5D5CF8635}.Release|x86.Deploy.0 = Release|x86
		{BB8A9887-3176-49AD-A014-8FD1D662A1A6}.Debug|Any CPU.ActiveCfg = Debug|Any CPU
		{BB8A9887-3176-49AD-A014-8FD1D662A1A6}.Debug|Any CPU.Build.0 = Debug|Any CPU
		{BB8A9887-3176-49AD-A014-8FD1D662A1A6}.Debug|Any CPU.Deploy.0 = Debug|Any CPU
		{BB8A9887-3176-49AD-A014-8FD1D662A1A6}.Debug|ARM.ActiveCfg = Debug|Any CPU
		{BB8A9887-3176-49AD-A014-8FD1D662A1A6}.Debug|ARM.Build.0 = Debug|Any CPU
		{BB8A9887-3176-49AD-A014-8FD1D662A1A6}.Debug|ARM.Deploy.0 = Debug|Any CPU
		{BB8A9887-3176-49AD-A014-8FD1D662A1A6}.Debug|iPhone.ActiveCfg = Debug|Any CPU
		{BB8A9887-3176-49AD-A014-8FD1D662A1A6}.Debug|iPhone.Build.0 = Debug|Any CPU
		{BB8A9887-3176-49AD-A014-8FD1D662A1A6}.Debug|iPhone.Deploy.0 = Debug|Any CPU
		{BB8A9887-3176-49AD-A014-8FD1D662A1A6}.Debug|iPhoneSimulator.ActiveCfg = Debug|Any CPU
		{BB8A9887-3176-49AD-A014-8FD1D662A1A6}.Debug|iPhoneSimulator.Build.0 = Debug|Any CPU
		{BB8A9887-3176-49AD-A014-8FD1D662A1A6}.Debug|iPhoneSimulator.Deploy.0 = Debug|Any CPU
		{BB8A9887-3176-49AD-A014-8FD1D662A1A6}.Debug|x64.ActiveCfg = Debug|Any CPU
		{BB8A9887-3176-49AD-A014-8FD1D662A1A6}.Debug|x64.Build.0 = Debug|Any CPU
		{BB8A9887-3176-49AD-A014-8FD1D662A1A6}.Debug|x64.Deploy.0 = Debug|Any CPU
		{BB8A9887-3176-49AD-A014-8FD1D662A1A6}.Debug|x86.ActiveCfg = Debug|Any CPU
		{BB8A9887-3176-49AD-A014-8FD1D662A1A6}.Debug|x86.Build.0 = Debug|Any CPU
		{BB8A9887-3176-49AD-A014-8FD1D662A1A6}.Debug|x86.Deploy.0 = Debug|Any CPU
		{BB8A9887-3176-49AD-A014-8FD1D662A1A6}.Release|Any CPU.ActiveCfg = Release|Any CPU
		{BB8A9887-3176-49AD-A014-8FD1D662A1A6}.Release|Any CPU.Build.0 = Release|Any CPU
		{BB8A9887-3176-49AD-A014-8FD1D662A1A6}.Release|Any CPU.Deploy.0 = Release|Any CPU
		{BB8A9887-3176-49AD-A014-8FD1D662A1A6}.Release|ARM.ActiveCfg = Release|Any CPU
		{BB8A9887-3176-49AD-A014-8FD1D662A1A6}.Release|ARM.Build.0 = Release|Any CPU
		{BB8A9887-3176-49AD-A014-8FD1D662A1A6}.Release|ARM.Deploy.0 = Release|Any CPU
		{BB8A9887-3176-49AD-A014-8FD1D662A1A6}.Release|iPhone.ActiveCfg = Release|Any CPU
		{BB8A9887-3176-49AD-A014-8FD1D662A1A6}.Release|iPhone.Build.0 = Release|Any CPU
		{BB8A9887-3176-49AD-A014-8FD1D662A1A6}.Release|iPhone.Deploy.0 = Release|Any CPU
		{BB8A9887-3176-49AD-A014-8FD1D662A1A6}.Release|iPhoneSimulator.ActiveCfg = Release|Any CPU
		{BB8A9887-3176-49AD-A014-8FD1D662A1A6}.Release|iPhoneSimulator.Build.0 = Release|Any CPU
		{BB8A9887-3176-49AD-A014-8FD1D662A1A6}.Release|iPhoneSimulator.Deploy.0 = Release|Any CPU
		{BB8A9887-3176-49AD-A014-8FD1D662A1A6}.Release|x64.ActiveCfg = Release|Any CPU
		{BB8A9887-3176-49AD-A014-8FD1D662A1A6}.Release|x64.Build.0 = Release|Any CPU
		{BB8A9887-3176-49AD-A014-8FD1D662A1A6}.Release|x64.Deploy.0 = Release|Any CPU
		{BB8A9887-3176-49AD-A014-8FD1D662A1A6}.Release|x86.ActiveCfg = Release|Any CPU
		{BB8A9887-3176-49AD-A014-8FD1D662A1A6}.Release|x86.Build.0 = Release|Any CPU
		{BB8A9887-3176-49AD-A014-8FD1D662A1A6}.Release|x86.Deploy.0 = Release|Any CPU
		{3582F260-F13D-4EE9-BCB3-EC4D4318CC73}.Debug|Any CPU.ActiveCfg = Debug|iPhoneSimulator
		{3582F260-F13D-4EE9-BCB3-EC4D4318CC73}.Debug|Any CPU.Build.0 = Debug|iPhoneSimulator
		{3582F260-F13D-4EE9-BCB3-EC4D4318CC73}.Debug|Any CPU.Deploy.0 = Debug|iPhoneSimulator
		{3582F260-F13D-4EE9-BCB3-EC4D4318CC73}.Debug|ARM.ActiveCfg = Debug|iPhone
		{3582F260-F13D-4EE9-BCB3-EC4D4318CC73}.Debug|ARM.Build.0 = Debug|iPhone
		{3582F260-F13D-4EE9-BCB3-EC4D4318CC73}.Debug|ARM.Deploy.0 = Debug|iPhone
		{3582F260-F13D-4EE9-BCB3-EC4D4318CC73}.Debug|iPhone.ActiveCfg = Debug|iPhone
		{3582F260-F13D-4EE9-BCB3-EC4D4318CC73}.Debug|iPhone.Build.0 = Debug|iPhone
		{3582F260-F13D-4EE9-BCB3-EC4D4318CC73}.Debug|iPhone.Deploy.0 = Debug|iPhone
		{3582F260-F13D-4EE9-BCB3-EC4D4318CC73}.Debug|iPhoneSimulator.ActiveCfg = Debug|iPhoneSimulator
		{3582F260-F13D-4EE9-BCB3-EC4D4318CC73}.Debug|iPhoneSimulator.Build.0 = Debug|iPhoneSimulator
		{3582F260-F13D-4EE9-BCB3-EC4D4318CC73}.Debug|iPhoneSimulator.Deploy.0 = Debug|iPhoneSimulator
		{3582F260-F13D-4EE9-BCB3-EC4D4318CC73}.Debug|x64.ActiveCfg = Debug|iPhoneSimulator
		{3582F260-F13D-4EE9-BCB3-EC4D4318CC73}.Debug|x64.Build.0 = Debug|iPhoneSimulator
		{3582F260-F13D-4EE9-BCB3-EC4D4318CC73}.Debug|x64.Deploy.0 = Debug|iPhoneSimulator
		{3582F260-F13D-4EE9-BCB3-EC4D4318CC73}.Debug|x86.ActiveCfg = Debug|iPhoneSimulator
		{3582F260-F13D-4EE9-BCB3-EC4D4318CC73}.Debug|x86.Build.0 = Debug|iPhoneSimulator
		{3582F260-F13D-4EE9-BCB3-EC4D4318CC73}.Debug|x86.Deploy.0 = Debug|iPhoneSimulator
		{3582F260-F13D-4EE9-BCB3-EC4D4318CC73}.Release|Any CPU.ActiveCfg = Release|iPhoneSimulator
		{3582F260-F13D-4EE9-BCB3-EC4D4318CC73}.Release|Any CPU.Build.0 = Release|iPhoneSimulator
		{3582F260-F13D-4EE9-BCB3-EC4D4318CC73}.Release|Any CPU.Deploy.0 = Release|iPhoneSimulator
		{3582F260-F13D-4EE9-BCB3-EC4D4318CC73}.Release|ARM.ActiveCfg = Release|iPhoneSimulator
		{3582F260-F13D-4EE9-BCB3-EC4D4318CC73}.Release|ARM.Build.0 = Release|iPhoneSimulator
		{3582F260-F13D-4EE9-BCB3-EC4D4318CC73}.Release|ARM.Deploy.0 = Release|iPhoneSimulator
		{3582F260-F13D-4EE9-BCB3-EC4D4318CC73}.Release|iPhone.ActiveCfg = Release|iPhone
		{3582F260-F13D-4EE9-BCB3-EC4D4318CC73}.Release|iPhone.Build.0 = Release|iPhone
		{3582F260-F13D-4EE9-BCB3-EC4D4318CC73}.Release|iPhone.Deploy.0 = Release|iPhone
		{3582F260-F13D-4EE9-BCB3-EC4D4318CC73}.Release|iPhoneSimulator.ActiveCfg = Release|iPhoneSimulator
		{3582F260-F13D-4EE9-BCB3-EC4D4318CC73}.Release|iPhoneSimulator.Build.0 = Release|iPhoneSimulator
		{3582F260-F13D-4EE9-BCB3-EC4D4318CC73}.Release|iPhoneSimulator.Deploy.0 = Release|iPhoneSimulator
		{3582F260-F13D-4EE9-BCB3-EC4D4318CC73}.Release|x64.ActiveCfg = Release|iPhoneSimulator
		{3582F260-F13D-4EE9-BCB3-EC4D4318CC73}.Release|x64.Build.0 = Release|iPhoneSimulator
		{3582F260-F13D-4EE9-BCB3-EC4D4318CC73}.Release|x64.Deploy.0 = Release|iPhoneSimulator
		{3582F260-F13D-4EE9-BCB3-EC4D4318CC73}.Release|x86.ActiveCfg = Release|iPhoneSimulator
		{3582F260-F13D-4EE9-BCB3-EC4D4318CC73}.Release|x86.Build.0 = Release|iPhoneSimulator
		{3582F260-F13D-4EE9-BCB3-EC4D4318CC73}.Release|x86.Deploy.0 = Release|iPhoneSimulator
		{A37FEEBD-9B43-44AD-946F-DC0B74390803}.Debug|Any CPU.ActiveCfg = Debug|Any CPU
		{A37FEEBD-9B43-44AD-946F-DC0B74390803}.Debug|Any CPU.Build.0 = Debug|Any CPU
		{A37FEEBD-9B43-44AD-946F-DC0B74390803}.Debug|Any CPU.Deploy.0 = Debug|Any CPU
		{A37FEEBD-9B43-44AD-946F-DC0B74390803}.Debug|ARM.ActiveCfg = Debug|Any CPU
		{A37FEEBD-9B43-44AD-946F-DC0B74390803}.Debug|ARM.Build.0 = Debug|Any CPU
		{A37FEEBD-9B43-44AD-946F-DC0B74390803}.Debug|ARM.Deploy.0 = Debug|Any CPU
		{A37FEEBD-9B43-44AD-946F-DC0B74390803}.Debug|iPhone.ActiveCfg = Debug|Any CPU
		{A37FEEBD-9B43-44AD-946F-DC0B74390803}.Debug|iPhone.Build.0 = Debug|Any CPU
		{A37FEEBD-9B43-44AD-946F-DC0B74390803}.Debug|iPhone.Deploy.0 = Debug|Any CPU
		{A37FEEBD-9B43-44AD-946F-DC0B74390803}.Debug|iPhoneSimulator.ActiveCfg = Debug|Any CPU
		{A37FEEBD-9B43-44AD-946F-DC0B74390803}.Debug|iPhoneSimulator.Build.0 = Debug|Any CPU
		{A37FEEBD-9B43-44AD-946F-DC0B74390803}.Debug|iPhoneSimulator.Deploy.0 = Debug|Any CPU
		{A37FEEBD-9B43-44AD-946F-DC0B74390803}.Debug|x64.ActiveCfg = Debug|Any CPU
		{A37FEEBD-9B43-44AD-946F-DC0B74390803}.Debug|x64.Build.0 = Debug|Any CPU
		{A37FEEBD-9B43-44AD-946F-DC0B74390803}.Debug|x64.Deploy.0 = Debug|Any CPU
		{A37FEEBD-9B43-44AD-946F-DC0B74390803}.Debug|x86.ActiveCfg = Debug|Any CPU
		{A37FEEBD-9B43-44AD-946F-DC0B74390803}.Debug|x86.Build.0 = Debug|Any CPU
		{A37FEEBD-9B43-44AD-946F-DC0B74390803}.Debug|x86.Deploy.0 = Debug|Any CPU
		{A37FEEBD-9B43-44AD-946F-DC0B74390803}.Release|Any CPU.ActiveCfg = Release|Any CPU
		{A37FEEBD-9B43-44AD-946F-DC0B74390803}.Release|Any CPU.Build.0 = Release|Any CPU
		{A37FEEBD-9B43-44AD-946F-DC0B74390803}.Release|Any CPU.Deploy.0 = Release|Any CPU
		{A37FEEBD-9B43-44AD-946F-DC0B74390803}.Release|ARM.ActiveCfg = Release|Any CPU
		{A37FEEBD-9B43-44AD-946F-DC0B74390803}.Release|ARM.Build.0 = Release|Any CPU
		{A37FEEBD-9B43-44AD-946F-DC0B74390803}.Release|ARM.Deploy.0 = Release|Any CPU
		{A37FEEBD-9B43-44AD-946F-DC0B74390803}.Release|iPhone.ActiveCfg = Release|Any CPU
		{A37FEEBD-9B43-44AD-946F-DC0B74390803}.Release|iPhone.Build.0 = Release|Any CPU
		{A37FEEBD-9B43-44AD-946F-DC0B74390803}.Release|iPhone.Deploy.0 = Release|Any CPU
		{A37FEEBD-9B43-44AD-946F-DC0B74390803}.Release|iPhoneSimulator.ActiveCfg = Release|Any CPU
		{A37FEEBD-9B43-44AD-946F-DC0B74390803}.Release|iPhoneSimulator.Build.0 = Release|Any CPU
		{A37FEEBD-9B43-44AD-946F-DC0B74390803}.Release|iPhoneSimulator.Deploy.0 = Release|Any CPU
		{A37FEEBD-9B43-44AD-946F-DC0B74390803}.Release|x64.ActiveCfg = Release|Any CPU
		{A37FEEBD-9B43-44AD-946F-DC0B74390803}.Release|x64.Build.0 = Release|Any CPU
		{A37FEEBD-9B43-44AD-946F-DC0B74390803}.Release|x64.Deploy.0 = Release|Any CPU
		{A37FEEBD-9B43-44AD-946F-DC0B74390803}.Release|x86.ActiveCfg = Release|Any CPU
		{A37FEEBD-9B43-44AD-946F-DC0B74390803}.Release|x86.Build.0 = Release|Any CPU
		{A37FEEBD-9B43-44AD-946F-DC0B74390803}.Release|x86.Deploy.0 = Release|Any CPU
	EndGlobalSection
	GlobalSection(SolutionProperties) = preSolution
		HideSolutionNode = FALSE
	EndGlobalSection
	GlobalSection(NestedProjects) = preSolution
		{46C410CB-33CB-4AA5-9F61-9DA5D5CF8635} = {F10E2DE0-3126-45EF-B6E4-A83F7FDA80FD}
		{BB8A9887-3176-49AD-A014-8FD1D662A1A6} = {F10E2DE0-3126-45EF-B6E4-A83F7FDA80FD}
		{3582F260-F13D-4EE9-BCB3-EC4D4318CC73} = {F10E2DE0-3126-45EF-B6E4-A83F7FDA80FD}
		{A37FEEBD-9B43-44AD-946F-DC0B74390803} = {F10E2DE0-3126-45EF-B6E4-A83F7FDA80FD}
	EndGlobalSection
	GlobalSection(ExtensibilityGlobals) = postSolution
		SolutionGuid = {304AE8E3-2E42-4638-BFDA-BD0C5A142188}
	EndGlobalSection
EndGlobal
